
Microsoft Visual Studio Solution File, Format Version 12.00
# Visual Studio 14
VisualStudioVersion = 14.0.25420.1
MinimumVisualStudioVersion = 10.0.40219.1
Project("{FAE04EC0-301F-11D3-BF4B-00C04F79EFBC}") = "Test_Work", "Test_Work\Test_Work.csproj", "{1FAD2F73-A14A-4C0C-AB72-3B264721C22A}"
EndProject
Global
	GlobalSection(SolutionConfigurationPlatforms) = preSolution
		Debug|Any CPU = Debug|Any CPU
		Release|Any CPU = Release|Any CPU
	EndGlobalSection
	GlobalSection(ProjectConfigurationPlatforms) = postSolution
		{1FAD2F73-A14A-4C0C-AB72-3B264721C22A}.Debug|Any CPU.ActiveCfg = Debug|Any CPU
		{1FAD2F73-A14A-4C0C-AB72-3B264721C22A}.Debug|Any CPU.Build.0 = Debug|Any CPU
		{1FAD2F73-A14A-4C0C-AB72-3B264721C22A}.Release|Any CPU.ActiveCfg = Release|Any CPU
		{1FAD2F73-A14A-4C0C-AB72-3B264721C22A}.Release|Any CPU.Build.0 = Release|Any CPU
	EndGlobalSection
	GlobalSection(SolutionProperties) = preSolution
		HideSolutionNode = FALSE
	EndGlobalSection
EndGlobal
